
Microsoft Visual Studio Solution File, Format Version 12.00
# Visual Studio Version 17
VisualStudioVersion = 17.8.34330.188
MinimumVisualStudioVersion = 10.0.40219.1
Project("{FAE04EC0-301F-11D3-BF4B-00C04F79EFBC}") = "Phase1Section3.12", "Phase1Section3.12\Phase1Section3.12.csproj", "{DC9CC56A-C0E5-4241-B751-C94A9E0F74D8}"
EndProject
Global
	GlobalSection(SolutionConfigurationPlatforms) = preSolution
		Debug|Any CPU = Debug|Any CPU
		Release|Any CPU = Release|Any CPU
	EndGlobalSection
	GlobalSection(ProjectConfigurationPlatforms) = postSolution
		{DC9CC56A-C0E5-4241-B751-C94A9E0F74D8}.Debug|Any CPU.ActiveCfg = Debug|Any CPU
		{DC9CC56A-C0E5-4241-B751-C94A9E0F74D8}.Debug|Any CPU.Build.0 = Debug|Any CPU
		{DC9CC56A-C0E5-4241-B751-C94A9E0F74D8}.Release|Any CPU.ActiveCfg = Release|Any CPU
		{DC9CC56A-C0E5-4241-B751-C94A9E0F74D8}.Release|Any CPU.Build.0 = Release|Any CPU
	EndGlobalSection
	GlobalSection(SolutionProperties) = preSolution
		HideSolutionNode = FALSE
	EndGlobalSection
	GlobalSection(ExtensibilityGlobals) = postSolution
		SolutionGuid = {52AF9B31-ACAE-4DFC-917E-9D3664ED8737}
	EndGlobalSection
EndGlobal
